
Microsoft Visual Studio Solution File, Format Version 12.00
# Visual Studio Version 17
VisualStudioVersion = 17.4.33122.133
MinimumVisualStudioVersion = 10.0.40219.1
Project("{FAE04EC0-301F-11D3-BF4B-00C04F79EFBC}") = "ConsoleApp1", "ConsoleApp1\ConsoleApp1.csproj", "{36452580-3E91-42A2-9271-C34E0621FAF0}"
EndProject
Global
	GlobalSection(SolutionConfigurationPlatforms) = preSolution
		Debug|Any CPU = Debug|Any CPU
		Release|Any CPU = Release|Any CPU
	EndGlobalSection
	GlobalSection(ProjectConfigurationPlatforms) = postSolution
		{36452580-3E91-42A2-9271-C34E0621FAF0}.Debug|Any CPU.ActiveCfg = Debug|Any CPU
		{36452580-3E91-42A2-9271-C34E0621FAF0}.Debug|Any CPU.Build.0 = Debug|Any CPU
		{36452580-3E91-42A2-9271-C34E0621FAF0}.Release|Any CPU.ActiveCfg = Release|Any CPU
		{36452580-3E91-42A2-9271-C34E0621FAF0}.Release|Any CPU.Build.0 = Release|Any CPU
	EndGlobalSection
	GlobalSection(SolutionProperties) = preSolution
		HideSolutionNode = FALSE
	EndGlobalSection
	GlobalSection(ExtensibilityGlobals) = postSolution
		SolutionGuid = {C679A26B-FDE5-47DB-B322-36B4F9193E75}
	EndGlobalSection
EndGlobal
